
Microsoft Visual Studio Solution File, Format Version 12.00
# Visual Studio Version 17
VisualStudioVersion = 17.6.33829.357
MinimumVisualStudioVersion = 10.0.40219.1
Project("{8BC9CEB8-8B4A-11D0-8D11-00A0C91BC942}") = "OccViewer.OccProxy", "OccViewer.OccProxy\OccViewer.OccProxy.vcxproj", "{A595A752-A089-4012-A580-F336FF5D63CC}"
EndProject
Project("{9A19103F-16F7-4668-BE54-9A1E7A4F7556}") = "OccViewer.Viewer", "OccViewer.Viewer\OccViewer.Viewer.csproj", "{2402E268-0368-4FB9-A8B0-440335EB9274}"
EndProject
Project("{2150E333-8FDC-42A3-9474-1A3956D46DE8}") = "Samples", "Samples", "{7EF49160-52EF-412B-B58C-F0A88AB4BE81}"
EndProject
Project("{9A19103F-16F7-4668-BE54-9A1E7A4F7556}") = "WpfApp", "Samples\WpfApp\WpfApp.csproj", "{053B9940-053F-4351-B2F7-4D574A271D8B}"
EndProject
Project("{8BC9CEB8-8B4A-11D0-8D11-00A0C91BC942}") = "OccViewer.ViewerProxy", "OccViewer.ViewerProxy\OccViewer.ViewerProxy.vcxproj", "{914A41F8-444D-434A-9663-744363F9DEB8}"
EndProject
Project("{8BC9CEB8-8B4A-11D0-8D11-00A0C91BC942}") = "ConsoleApp", "Samples\ConsoleApp\ConsoleApp.vcxproj", "{5FF1FC3E-1799-43DF-A9C7-FB4876C59C64}"
EndProject
Project("{8BC9CEB8-8B4A-11D0-8D11-00A0C91BC942}") = "PublishProject", "PublishProject\PublishProject.vcxproj", "{FB0AF99D-9080-4A9C-BED1-D1C42D85A221}"
EndProject
Global
	GlobalSection(SolutionConfigurationPlatforms) = preSolution
		Debug|Any CPU = Debug|Any CPU
		Debug|x64 = Debug|x64
		Debug|x86 = Debug|x86
		Release|Any CPU = Release|Any CPU
		Release|x64 = Release|x64
		Release|x86 = Release|x86
	EndGlobalSection
	GlobalSection(ProjectConfigurationPlatforms) = postSolution
		{A595A752-A089-4012-A580-F336FF5D63CC}.Debug|Any CPU.ActiveCfg = Debug|x64
		{A595A752-A089-4012-A580-F336FF5D63CC}.Debug|Any CPU.Build.0 = Debug|x64
		{A595A752-A089-4012-A580-F336FF5D63CC}.Debug|x64.ActiveCfg = Debug|x64
		{A595A752-A089-4012-A580-F336FF5D63CC}.Debug|x64.Build.0 = Debug|x64
		{A595A752-A089-4012-A580-F336FF5D63CC}.Debug|x86.ActiveCfg = Debug|Win32
		{A595A752-A089-4012-A580-F336FF5D63CC}.Debug|x86.Build.0 = Debug|Win32
		{A595A752-A089-4012-A580-F336FF5D63CC}.Release|Any CPU.ActiveCfg = Release|x64
		{A595A752-A089-4012-A580-F336FF5D63CC}.Release|Any CPU.Build.0 = Release|x64
		{A595A752-A089-4012-A580-F336FF5D63CC}.Release|x64.ActiveCfg = Release|x64
		{A595A752-A089-4012-A580-F336FF5D63CC}.Release|x64.Build.0 = Release|x64
		{A595A752-A089-4012-A580-F336FF5D63CC}.Release|x86.ActiveCfg = Release|Win32
		{A595A752-A089-4012-A580-F336FF5D63CC}.Release|x86.Build.0 = Release|Win32
		{2402E268-0368-4FB9-A8B0-440335EB9274}.Debug|Any CPU.ActiveCfg = Debug|Any CPU
		{2402E268-0368-4FB9-A8B0-440335EB9274}.Debug|Any CPU.Build.0 = Debug|Any CPU
		{2402E268-0368-4FB9-A8B0-440335EB9274}.Debug|x64.ActiveCfg = Debug|Any CPU
		{2402E268-0368-4FB9-A8B0-440335EB9274}.Debug|x64.Build.0 = Debug|Any CPU
		{2402E268-0368-4FB9-A8B0-440335EB9274}.Debug|x86.ActiveCfg = Debug|Any CPU
		{2402E268-0368-4FB9-A8B0-440335EB9274}.Debug|x86.Build.0 = Debug|Any CPU
		{2402E268-0368-4FB9-A8B0-440335EB9274}.Release|Any CPU.ActiveCfg = Release|Any CPU
		{2402E268-0368-4FB9-A8B0-440335EB9274}.Release|Any CPU.Build.0 = Release|Any CPU
		{2402E268-0368-4FB9-A8B0-440335EB9274}.Release|x64.ActiveCfg = Release|Any CPU
		{2402E268-0368-4FB9-A8B0-440335EB9274}.Release|x64.Build.0 = Release|Any CPU
		{2402E268-0368-4FB9-A8B0-440335EB9274}.Release|x86.ActiveCfg = Release|Any CPU
		{2402E268-0368-4FB9-A8B0-440335EB9274}.Release|x86.Build.0 = Release|Any CPU
		{053B9940-053F-4351-B2F7-4D574A271D8B}.Debug|Any CPU.ActiveCfg = Debug|Any CPU
		{053B9940-053F-4351-B2F7-4D574A271D8B}.Debug|Any CPU.Build.0 = Debug|Any CPU
		{053B9940-053F-4351-B2F7-4D574A271D8B}.Debug|x64.ActiveCfg = Debug|Any CPU
		{053B9940-053F-4351-B2F7-4D574A271D8B}.Debug|x64.Build.0 = Debug|Any CPU
		{053B9940-053F-4351-B2F7-4D574A271D8B}.Debug|x86.ActiveCfg = Debug|Any CPU
		{053B9940-053F-4351-B2F7-4D574A271D8B}.Debug|x86.Build.0 = Debug|Any CPU
		{053B9940-053F-4351-B2F7-4D574A271D8B}.Release|Any CPU.ActiveCfg = Release|Any CPU
		{053B9940-053F-4351-B2F7-4D574A271D8B}.Release|Any CPU.Build.0 = Release|Any CPU
		{053B9940-053F-4351-B2F7-4D574A271D8B}.Release|x64.ActiveCfg = Release|Any CPU
		{053B9940-053F-4351-B2F7-4D574A271D8B}.Release|x64.Build.0 = Release|Any CPU
		{053B9940-053F-4351-B2F7-4D574A271D8B}.Release|x86.ActiveCfg = Release|Any CPU
		{053B9940-053F-4351-B2F7-4D574A271D8B}.Release|x86.Build.0 = Release|Any CPU
		{914A41F8-444D-434A-9663-744363F9DEB8}.Debug|Any CPU.ActiveCfg = Debug|x64
		{914A41F8-444D-434A-9663-744363F9DEB8}.Debug|Any CPU.Build.0 = Debug|x64
		{914A41F8-444D-434A-9663-744363F9DEB8}.Debug|x64.ActiveCfg = Debug|x64
		{914A41F8-444D-434A-9663-744363F9DEB8}.Debug|x64.Build.0 = Debug|x64
		{914A41F8-444D-434A-9663-744363F9DEB8}.Debug|x86.ActiveCfg = Debug|Win32
		{914A41F8-444D-434A-9663-744363F9DEB8}.Debug|x86.Build.0 = Debug|Win32
		{914A41F8-444D-434A-9663-744363F9DEB8}.Release|Any CPU.ActiveCfg = Release|x64
		{914A41F8-444D-434A-9663-744363F9DEB8}.Release|Any CPU.Build.0 = Release|x64
		{914A41F8-444D-434A-9663-744363F9DEB8}.Release|x64.ActiveCfg = Release|x64
		{914A41F8-444D-434A-9663-744363F9DEB8}.Release|x64.Build.0 = Release|x64
		{914A41F8-444D-434A-9663-744363F9DEB8}.Release|x86.ActiveCfg = Release|Win32
		{914A41F8-444D-434A-9663-744363F9DEB8}.Release|x86.Build.0 = Release|Win32
		{5FF1FC3E-1799-43DF-A9C7-FB4876C59C64}.Debug|Any CPU.ActiveCfg = Debug|x64
		{5FF1FC3E-1799-43DF-A9C7-FB4876C59C64}.Debug|Any CPU.Build.0 = Debug|x64
		{5FF1FC3E-1799-43DF-A9C7-FB4876C59C64}.Debug|x64.ActiveCfg = Debug|x64
		{5FF1FC3E-1799-43DF-A9C7-FB4876C59C64}.Debug|x64.Build.0 = Debug|x64
		{5FF1FC3E-1799-43DF-A9C7-FB4876C59C64}.Debug|x86.ActiveCfg = Debug|Win32
		{5FF1FC3E-1799-43DF-A9C7-FB4876C59C64}.Debug|x86.Build.0 = Debug|Win32
		{5FF1FC3E-1799-43DF-A9C7-FB4876C59C64}.Release|Any CPU.ActiveCfg = Release|x64
		{5FF1FC3E-1799-43DF-A9C7-FB4876C59C64}.Release|Any CPU.Build.0 = Release|x64
		{5FF1FC3E-1799-43DF-A9C7-FB4876C59C64}.Release|x64.ActiveCfg = Release|x64
		{5FF1FC3E-1799-43DF-A9C7-FB4876C59C64}.Release|x64.Build.0 = Release|x64
		{5FF1FC3E-1799-43DF-A9C7-FB4876C59C64}.Release|x86.ActiveCfg = Release|Win32
		{5FF1FC3E-1799-43DF-A9C7-FB4876C59C64}.Release|x86.Build.0 = Release|Win32
		{FB0AF99D-9080-4A9C-BED1-D1C42D85A221}.Debug|Any CPU.ActiveCfg = Debug|x64
		{FB0AF99D-9080-4A9C-BED1-D1C42D85A221}.Debug|Any CPU.Build.0 = Debug|x64
		{FB0AF99D-9080-4A9C-BED1-D1C42D85A221}.Debug|x64.ActiveCfg = Debug|x64
		{FB0AF99D-9080-4A9C-BED1-D1C42D85A221}.Debug|x64.Build.0 = Debug|x64
		{FB0AF99D-9080-4A9C-BED1-D1C42D85A221}.Debug|x86.ActiveCfg = Debug|Win32
		{FB0AF99D-9080-4A9C-BED1-D1C42D85A221}.Debug|x86.Build.0 = Debug|Win32
		{FB0AF99D-9080-4A9C-BED1-D1C42D85A221}.Release|Any CPU.ActiveCfg = Release|x64
		{FB0AF99D-9080-4A9C-BED1-D1C42D85A221}.Release|Any CPU.Build.0 = Release|x64
		{FB0AF99D-9080-4A9C-BED1-D1C42D85A221}.Release|x64.ActiveCfg = Release|x64
		{FB0AF99D-9080-4A9C-BED1-D1C42D85A221}.Release|x64.Build.0 = Release|x64
		{FB0AF99D-9080-4A9C-BED1-D1C42D85A221}.Release|x86.ActiveCfg = Release|Win32
		{FB0AF99D-9080-4A9C-BED1-D1C42D85A221}.Release|x86.Build.0 = Release|Win32
	EndGlobalSection
	GlobalSection(SolutionProperties) = preSolution
		HideSolutionNode = FALSE
	EndGlobalSection
	GlobalSection(NestedProjects) = preSolution
		{053B9940-053F-4351-B2F7-4D574A271D8B} = {7EF49160-52EF-412B-B58C-F0A88AB4BE81}
		{5FF1FC3E-1799-43DF-A9C7-FB4876C59C64} = {7EF49160-52EF-412B-B58C-F0A88AB4BE81}
	EndGlobalSection
	GlobalSection(ExtensibilityGlobals) = postSolution
		SolutionGuid = {D3B56625-A3DF-4D5D-BA7E-FDFFF5593E4E}
	EndGlobalSection
EndGlobal
